
Microsoft Visual Studio Solution File, Format Version 12.00
# Visual Studio Version 16
VisualStudioVersion = 16.0.31112.23
MinimumVisualStudioVersion = 10.0.40219.1
Project("{8BC9CEB8-8B4A-11D0-8D11-00A0C91BC942}") = "List_02_01", "List_02_01\List_02_01.vcxproj", "{29E32524-26A9-4DA9-8BD4-8B9AB5BDCDFB}"
EndProject
Project("{8BC9CEB8-8B4A-11D0-8D11-00A0C91BC942}") = "List_02_02", "List_02_02\List_02_02.vcxproj", "{63F25571-52C0-42A5-B9D6-B7404401F57C}"
EndProject
Project("{8BC9CEB8-8B4A-11D0-8D11-00A0C91BC942}") = "List_02_03", "List_02_03\List_02_03.vcxproj", "{C304B6D9-4518-473B-A12E-B0A726E24BEB}"
EndProject
Project("{8BC9CEB8-8B4A-11D0-8D11-00A0C91BC942}") = "List_02_04", "List_02_04\List_02_04.vcxproj", "{9CB81D92-B421-4FC7-AA10-C19C6D3CCF0E}"
EndProject
Project("{8BC9CEB8-8B4A-11D0-8D11-00A0C91BC942}") = "List_02_05", "List_02_05\List_02_05.vcxproj", "{750F153A-4B31-48EE-92A3-B7BC297FA53D}"
EndProject
Project("{8BC9CEB8-8B4A-11D0-8D11-00A0C91BC942}") = "List_03_01", "List_03_01\List_03_01.vcxproj", "{90E52983-C312-48CC-BCAC-9945E8511A86}"
EndProject
Project("{8BC9CEB8-8B4A-11D0-8D11-00A0C91BC942}") = "List_03_02", "List_03_02\List_03_02.vcxproj", "{547989D5-4567-4D48-9EAD-6693D366426F}"
EndProject
Project("{8BC9CEB8-8B4A-11D0-8D11-00A0C91BC942}") = "List_03_03", "List_03_03\List_03_03.vcxproj", "{CA4BC464-5213-44BA-9D13-7547196A92E2}"
EndProject
Project("{8BC9CEB8-8B4A-11D0-8D11-00A0C91BC942}") = "List_03_04", "List_03_04\List_03_04.vcxproj", "{23F82FF6-B62E-4FC7-9513-5090F2561391}"
EndProject
Project("{8BC9CEB8-8B4A-11D0-8D11-00A0C91BC942}") = "List_03_05", "List_03_05\List_03_05.vcxproj", "{EEE91146-FFA7-47B3-95DB-287108BAF866}"
EndProject
Project("{8BC9CEB8-8B4A-11D0-8D11-00A0C91BC942}") = "List_03_06", "List_03_06\List_03_06.vcxproj", "{B556FA7E-BDFF-4A55-B917-554D5C5D1443}"
EndProject
Project("{8BC9CEB8-8B4A-11D0-8D11-00A0C91BC942}") = "List_03_07", "List_03_07\List_03_07.vcxproj", "{E05FA1C2-DEBC-4508-93A8-685F1EB90C32}"
EndProject
Project("{8BC9CEB8-8B4A-11D0-8D11-00A0C91BC942}") = "List_03_08", "List_03_08\List_03_08.vcxproj", "{1E9F652C-C477-4BBD-AD9A-936332F12EAC}"
EndProject
Project("{8BC9CEB8-8B4A-11D0-8D11-00A0C91BC942}") = "List_03_09", "List_03_09\List_03_09.vcxproj", "{C1FDE4C4-BD7F-4E61-A43C-2AF1A58065A1}"
EndProject
Project("{8BC9CEB8-8B4A-11D0-8D11-00A0C91BC942}") = "List_03_10", "List_03_10\List_03_10.vcxproj", "{7FA6BC3D-6764-49FC-AE8F-CC458CA3555D}"
EndProject
Project("{8BC9CEB8-8B4A-11D0-8D11-00A0C91BC942}") = "List_03_11", "List_03_11\List_03_11.vcxproj", "{0193B805-D291-40FE-9D4D-6F87400ACDB9}"
EndProject
Project("{8BC9CEB8-8B4A-11D0-8D11-00A0C91BC942}") = "List_03_12", "List_03_12\List_03_12.vcxproj", "{54F71836-AB9E-4B2C-A932-B3A7DF40BA4E}"
EndProject
Global
	GlobalSection(SolutionConfigurationPlatforms) = preSolution
		Debug|x64 = Debug|x64
		Debug|x86 = Debug|x86
		Release|x64 = Release|x64
		Release|x86 = Release|x86
	EndGlobalSection
	GlobalSection(ProjectConfigurationPlatforms) = postSolution
		{29E32524-26A9-4DA9-8BD4-8B9AB5BDCDFB}.Debug|x64.ActiveCfg = Debug|x64
		{29E32524-26A9-4DA9-8BD4-8B9AB5BDCDFB}.Debug|x64.Build.0 = Debug|x64
		{29E32524-26A9-4DA9-8BD4-8B9AB5BDCDFB}.Debug|x86.ActiveCfg = Debug|Win32
		{29E32524-26A9-4DA9-8BD4-8B9AB5BDCDFB}.Debug|x86.Build.0 = Debug|Win32
		{29E32524-26A9-4DA9-8BD4-8B9AB5BDCDFB}.Release|x64.ActiveCfg = Release|x64
		{29E32524-26A9-4DA9-8BD4-8B9AB5BDCDFB}.Release|x64.Build.0 = Release|x64
		{29E32524-26A9-4DA9-8BD4-8B9AB5BDCDFB}.Release|x86.ActiveCfg = Release|Win32
		{29E32524-26A9-4DA9-8BD4-8B9AB5BDCDFB}.Release|x86.Build.0 = Release|Win32
		{63F25571-52C0-42A5-B9D6-B7404401F57C}.Debug|x64.ActiveCfg = Debug|x64
		{63F25571-52C0-42A5-B9D6-B7404401F57C}.Debug|x64.Build.0 = Debug|x64
		{63F25571-52C0-42A5-B9D6-B7404401F57C}.Debug|x86.ActiveCfg = Debug|Win32
		{63F25571-52C0-42A5-B9D6-B7404401F57C}.Debug|x86.Build.0 = Debug|Win32
		{63F25571-52C0-42A5-B9D6-B7404401F57C}.Release|x64.ActiveCfg = Release|x64
		{63F25571-52C0-42A5-B9D6-B7404401F57C}.Release|x64.Build.0 = Release|x64
		{63F25571-52C0-42A5-B9D6-B7404401F57C}.Release|x86.ActiveCfg = Release|Win32
		{63F25571-52C0-42A5-B9D6-B7404401F57C}.Release|x86.Build.0 = Release|Win32
		{C304B6D9-4518-473B-A12E-B0A726E24BEB}.Debug|x64.ActiveCfg = Debug|x64
		{C304B6D9-4518-473B-A12E-B0A726E24BEB}.Debug|x64.Build.0 = Debug|x64
		{C304B6D9-4518-473B-A12E-B0A726E24BEB}.Debug|x86.ActiveCfg = Debug|Win32
		{C304B6D9-4518-473B-A12E-B0A726E24BEB}.Debug|x86.Build.0 = Debug|Win32
		{C304B6D9-4518-473B-A12E-B0A726E24BEB}.Release|x64.ActiveCfg = Release|x64
		{C304B6D9-4518-473B-A12E-B0A726E24BEB}.Release|x64.Build.0 = Release|x64
		{C304B6D9-4518-473B-A12E-B0A726E24BEB}.Release|x86.ActiveCfg = Release|Win32
		{C304B6D9-4518-473B-A12E-B0A726E24BEB}.Release|x86.Build.0 = Release|Win32
		{9CB81D92-B421-4FC7-AA10-C19C6D3CCF0E}.Debug|x64.ActiveCfg = Debug|x64
		{9CB81D92-B421-4FC7-AA10-C19C6D3CCF0E}.Debug|x64.Build.0 = Debug|x64
		{9CB81D92-B421-4FC7-AA10-C19C6D3CCF0E}.Debug|x86.ActiveCfg = Debug|Win32
		{9CB81D92-B421-4FC7-AA10-C19C6D3CCF0E}.Debug|x86.Build.0 = Debug|Win32
		{9CB81D92-B421-4FC7-AA10-C19C6D3CCF0E}.Release|x64.ActiveCfg = Release|x64
		{9CB81D92-B421-4FC7-AA10-C19C6D3CCF0E}.Release|x64.Build.0 = Release|x64
		{9CB81D92-B421-4FC7-AA10-C19C6D3CCF0E}.Release|x86.ActiveCfg = Release|Win32
		{9CB81D92-B421-4FC7-AA10-C19C6D3CCF0E}.Release|x86.Build.0 = Release|Win32
		{750F153A-4B31-48EE-92A3-B7BC297FA53D}.Debug|x64.ActiveCfg = Debug|x64
		{750F153A-4B31-48EE-92A3-B7BC297FA53D}.Debug|x64.Build.0 = Debug|x64
		{750F153A-4B31-48EE-92A3-B7BC297FA53D}.Debug|x86.ActiveCfg = Debug|Win32
		{750F153A-4B31-48EE-92A3-B7BC297FA53D}.Debug|x86.Build.0 = Debug|Win32
		{750F153A-4B31-48EE-92A3-B7BC297FA53D}.Release|x64.ActiveCfg = Release|x64
		{750F153A-4B31-48EE-92A3-B7BC297FA53D}.Release|x64.Build.0 = Release|x64
		{750F153A-4B31-48EE-92A3-B7BC297FA53D}.Release|x86.ActiveCfg = Release|Win32
		{750F153A-4B31-48EE-92A3-B7BC297FA53D}.Release|x86.Build.0 = Release|Win32
		{90E52983-C312-48CC-BCAC-9945E8511A86}.Debug|x64.ActiveCfg = Debug|x64
		{90E52983-C312-48CC-BCAC-9945E8511A86}.Debug|x64.Build.0 = Debug|x64
		{90E52983-C312-48CC-BCAC-9945E8511A86}.Debug|x86.ActiveCfg = Debug|Win32
		{90E52983-C312-48CC-BCAC-9945E8511A86}.Debug|x86.Build.0 = Debug|Win32
		{90E52983-C312-48CC-BCAC-9945E8511A86}.Release|x64.ActiveCfg = Release|x64
		{90E52983-C312-48CC-BCAC-9945E8511A86}.Release|x64.Build.0 = Release|x64
		{90E52983-C312-48CC-BCAC-9945E8511A86}.Release|x86.ActiveCfg = Release|Win32
		{90E52983-C312-48CC-BCAC-9945E8511A86}.Release|x86.Build.0 = Release|Win32
		{547989D5-4567-4D48-9EAD-6693D366426F}.Debug|x64.ActiveCfg = Debug|x64
		{547989D5-4567-4D48-9EAD-6693D366426F}.Debug|x64.Build.0 = Debug|x64
		{547989D5-4567-4D48-9EAD-6693D366426F}.Debug|x86.ActiveCfg = Debug|Win32
		{547989D5-4567-4D48-9EAD-6693D366426F}.Debug|x86.Build.0 = Debug|Win32
		{547989D5-4567-4D48-9EAD-6693D366426F}.Release|x64.ActiveCfg = Release|x64
		{547989D5-4567-4D48-9EAD-6693D366426F}.Release|x64.Build.0 = Release|x64
		{547989D5-4567-4D48-9EAD-6693D366426F}.Release|x86.ActiveCfg = Release|Win32
		{547989D5-4567-4D48-9EAD-6693D366426F}.Release|x86.Build.0 = Release|Win32
		{CA4BC464-5213-44BA-9D13-7547196A92E2}.Debug|x64.ActiveCfg = Debug|x64
		{CA4BC464-5213-44BA-9D13-7547196A92E2}.Debug|x64.Build.0 = Debug|x64
		{CA4BC464-5213-44BA-9D13-7547196A92E2}.Debug|x86.ActiveCfg = Debug|Win32
		{CA4BC464-5213-44BA-9D13-7547196A92E2}.Debug|x86.Build.0 = Debug|Win32
		{CA4BC464-5213-44BA-9D13-7547196A92E2}.Release|x64.ActiveCfg = Release|x64
		{CA4BC464-5213-44BA-9D13-7547196A92E2}.Release|x64.Build.0 = Release|x64
		{CA4BC464-5213-44BA-9D13-7547196A92E2}.Release|x86.ActiveCfg = Release|Win32
		{CA4BC464-5213-44BA-9D13-7547196A92E2}.Release|x86.Build.0 = Release|Win32
		{23F82FF6-B62E-4FC7-9513-5090F2561391}.Debug|x64.ActiveCfg = Debug|x64
		{23F82FF6-B62E-4FC7-9513-5090F2561391}.Debug|x64.Build.0 = Debug|x64
		{23F82FF6-B62E-4FC7-9513-5090F2561391}.Debug|x86.ActiveCfg = Debug|Win32
		{23F82FF6-B62E-4FC7-9513-5090F2561391}.Debug|x86.Build.0 = Debug|Win32
		{23F82FF6-B62E-4FC7-9513-5090F2561391}.Release|x64.ActiveCfg = Release|x64
		{23F82FF6-B62E-4FC7-9513-5090F2561391}.Release|x64.Build.0 = Release|x64
		{23F82FF6-B62E-4FC7-9513-5090F2561391}.Release|x86.ActiveCfg = Release|Win32
		{23F82FF6-B62E-4FC7-9513-5090F2561391}.Release|x86.Build.0 = Release|Win32
		{EEE91146-FFA7-47B3-95DB-287108BAF866}.Debug|x64.ActiveCfg = Debug|x64
		{EEE91146-FFA7-47B3-95DB-287108BAF866}.Debug|x64.Build.0 = Debug|x64
		{EEE91146-FFA7-47B3-95DB-287108BAF866}.Debug|x86.ActiveCfg = Debug|Win32
		{EEE91146-FFA7-47B3-95DB-287108BAF866}.Debug|x86.Build.0 = Debug|Win32
		{EEE91146-FFA7-47B3-95DB-287108BAF866}.Release|x64.ActiveCfg = Release|x64
		{EEE91146-FFA7-47B3-95DB-287108BAF866}.Release|x64.Build.0 = Release|x64
		{EEE91146-FFA7-47B3-95DB-287108BAF866}.Release|x86.ActiveCfg = Release|Win32
		{EEE91146-FFA7-47B3-95DB-287108BAF866}.Release|x86.Build.0 = Release|Win32
		{B556FA7E-BDFF-4A55-B917-554D5C5D1443}.Debug|x64.ActiveCfg = Debug|x64
		{B556FA7E-BDFF-4A55-B917-554D5C5D1443}.Debug|x64.Build.0 = Debug|x64
		{B556FA7E-BDFF-4A55-B917-554D5C5D1443}.Debug|x86.ActiveCfg = Debug|Win32
		{B556FA7E-BDFF-4A55-B917-554D5C5D1443}.Debug|x86.Build.0 = Debug|Win32
		{B556FA7E-BDFF-4A55-B917-554D5C5D1443}.Release|x64.ActiveCfg = Release|x64
		{B556FA7E-BDFF-4A55-B917-554D5C5D1443}.Release|x64.Build.0 = Release|x64
		{B556FA7E-BDFF-4A55-B917-554D5C5D1443}.Release|x86.ActiveCfg = Release|Win32
		{B556FA7E-BDFF-4A55-B917-554D5C5D1443}.Release|x86.Build.0 = Release|Win32
		{E05FA1C2-DEBC-4508-93A8-685F1EB90C32}.Debug|x64.ActiveCfg = Debug|x64
		{E05FA1C2-DEBC-4508-93A8-685F1EB90C32}.Debug|x64.Build.0 = Debug|x64
		{E05FA1C2-DEBC-4508-93A8-685F1EB90C32}.Debug|x86.ActiveCfg = Debug|Win32
		{E05FA1C2-DEBC-4508-93A8-685F1EB90C32}.Debug|x86.Build.0 = Debug|Win32
		{E05FA1C2-DEBC-4508-93A8-685F1EB90C32}.Release|x64.ActiveCfg = Release|x64
		{E05FA1C2-DEBC-4508-93A8-685F1EB90C32}.Release|x64.Build.0 = Release|x64
		{E05FA1C2-DEBC-4508-93A8-685F1EB90C32}.Release|x86.ActiveCfg = Release|Win32
		{E05FA1C2-DEBC-4508-93A8-685F1EB90C32}.Release|x86.Build.0 = Release|Win32
		{1E9F652C-C477-4BBD-AD9A-936332F12EAC}.Debug|x64.ActiveCfg = Debug|x64
		{1E9F652C-C477-4BBD-AD9A-936332F12EAC}.Debug|x64.Build.0 = Debug|x64
		{1E9F652C-C477-4BBD-AD9A-936332F12EAC}.Debug|x86.ActiveCfg = Debug|Win32
		{1E9F652C-C477-4BBD-AD9A-936332F12EAC}.Debug|x86.Build.0 = Debug|Win32
		{1E9F652C-C477-4BBD-AD9A-936332F12EAC}.Release|x64.ActiveCfg = Release|x64
		{1E9F652C-C477-4BBD-AD9A-936332F12EAC}.Release|x64.Build.0 = Release|x64
		{1E9F652C-C477-4BBD-AD9A-936332F12EAC}.Release|x86.ActiveCfg = Release|Win32
		{1E9F652C-C477-4BBD-AD9A-936332F12EAC}.Release|x86.Build.0 = Release|Win32
		{C1FDE4C4-BD7F-4E61-A43C-2AF1A58065A1}.Debug|x64.ActiveCfg = Debug|x64
		{C1FDE4C4-BD7F-4E61-A43C-2AF1A58065A1}.Debug|x64.Build.0 = Debug|x64
		{C1FDE4C4-BD7F-4E61-A43C-2AF1A58065A1}.Debug|x86.ActiveCfg = Debug|Win32
		{C1FDE4C4-BD7F-4E61-A43C-2AF1A58065A1}.Debug|x86.Build.0 = Debug|Win32
		{C1FDE4C4-BD7F-4E61-A43C-2AF1A58065A1}.Release|x64.ActiveCfg = Release|x64
		{C1FDE4C4-BD7F-4E61-A43C-2AF1A58065A1}.Release|x64.Build.0 = Release|x64
		{C1FDE4C4-BD7F-4E61-A43C-2AF1A58065A1}.Release|x86.ActiveCfg = Release|Win32
		{C1FDE4C4-BD7F-4E61-A43C-2AF1A58065A1}.Release|x86.Build.0 = Release|Win32
		{7FA6BC3D-6764-49FC-AE8F-CC458CA3555D}.Debug|x64.ActiveCfg = Debug|x64
		{7FA6BC3D-6764-49FC-AE8F-CC458CA3555D}.Debug|x64.Build.0 = Debug|x64
		{7FA6BC3D-6764-49FC-AE8F-CC458CA3555D}.Debug|x86.ActiveCfg = Debug|Win32
		{7FA6BC3D-6764-49FC-AE8F-CC458CA3555D}.Debug|x86.Build.0 = Debug|Win32
		{7FA6BC3D-6764-49FC-AE8F-CC458CA3555D}.Release|x64.ActiveCfg = Release|x64
		{7FA6BC3D-6764-49FC-AE8F-CC458CA3555D}.Release|x64.Build.0 = Release|x64
		{7FA6BC3D-6764-49FC-AE8F-CC458CA3555D}.Release|x86.ActiveCfg = Release|Win32
		{7FA6BC3D-6764-49FC-AE8F-CC458CA3555D}.Release|x86.Build.0 = Release|Win32
		{0193B805-D291-40FE-9D4D-6F87400ACDB9}.Debug|x64.ActiveCfg = Debug|x64
		{0193B805-D291-40FE-9D4D-6F87400ACDB9}.Debug|x64.Build.0 = Debug|x64
		{0193B805-D291-40FE-9D4D-6F87400ACDB9}.Debug|x86.ActiveCfg = Debug|Win32
		{0193B805-D291-40FE-9D4D-6F87400ACDB9}.Debug|x86.Build.0 = Debug|Win32
		{0193B805-D291-40FE-9D4D-6F87400ACDB9}.Release|x64.ActiveCfg = Release|x64
		{0193B805-D291-40FE-9D4D-6F87400ACDB9}.Release|x64.Build.0 = Release|x64
		{0193B805-D291-40FE-9D4D-6F87400ACDB9}.Release|x86.ActiveCfg = Release|Win32
		{0193B805-D291-40FE-9D4D-6F87400ACDB9}.Release|x86.Build.0 = Release|Win32
		{54F71836-AB9E-4B2C-A932-B3A7DF40BA4E}.Debug|x64.ActiveCfg = Debug|x64
		{54F71836-AB9E-4B2C-A932-B3A7DF40BA4E}.Debug|x64.Build.0 = Debug|x64
		{54F71836-AB9E-4B2C-A932-B3A7DF40BA4E}.Debug|x86.ActiveCfg = Debug|Win32
		{54F71836-AB9E-4B2C-A932-B3A7DF40BA4E}.Debug|x86.Build.0 = Debug|Win32
		{54F71836-AB9E-4B2C-A932-B3A7DF40BA4E}.Release|x64.ActiveCfg = Release|x64
		{54F71836-AB9E-4B2C-A932-B3A7DF40BA4E}.Release|x64.Build.0 = Release|x64
		{54F71836-AB9E-4B2C-A932-B3A7DF40BA4E}.Release|x86.ActiveCfg = Release|Win32
		{54F71836-AB9E-4B2C-A932-B3A7DF40BA4E}.Release|x86.Build.0 = Release|Win32
	EndGlobalSection
	GlobalSection(SolutionProperties) = preSolution
		HideSolutionNode = FALSE
	EndGlobalSection
	GlobalSection(ExtensibilityGlobals) = postSolution
		SolutionGuid = {4FC8A88E-4F17-4B67-8A0C-074BE33921B1}
	EndGlobalSection
EndGlobal
