
Microsoft Visual Studio Solution File, Format Version 12.00
# Visual Studio Version 16
VisualStudioVersion = 16.0.31112.23
MinimumVisualStudioVersion = 10.0.40219.1
Project("{8BC9CEB8-8B4A-11D0-8D11-00A0C91BC942}") = "List_02_01", "List_02_01\List_02_01.vcxproj", "{29E32524-26A9-4DA9-8BD4-8B9AB5BDCDFB}"
EndProject
Project("{8BC9CEB8-8B4A-11D0-8D11-00A0C91BC942}") = "List_02_02", "List_02_02\List_02_02.vcxproj", "{63F25571-52C0-42A5-B9D6-B7404401F57C}"
EndProject
Project("{8BC9CEB8-8B4A-11D0-8D11-00A0C91BC942}") = "List_02_03", "List_02_03\List_02_03.vcxproj", "{C304B6D9-4518-473B-A12E-B0A726E24BEB}"
EndProject
Project("{8BC9CEB8-8B4A-11D0-8D11-00A0C91BC942}") = "List_02_04", "List_02_04\List_02_04.vcxproj", "{9CB81D92-B421-4FC7-AA10-C19C6D3CCF0E}"
EndProject
Project("{8BC9CEB8-8B4A-11D0-8D11-00A0C91BC942}") = "List_02_05", "List_02_05\List_02_05.vcxproj", "{750F153A-4B31-48EE-92A3-B7BC297FA53D}"
EndProject
Project("{8BC9CEB8-8B4A-11D0-8D11-00A0C91BC942}") = "List_03_01", "List_03_01\List_03_01.vcxproj", "{90E52983-C312-48CC-BCAC-9945E8511A86}"
EndProject
Project("{8BC9CEB8-8B4A-11D0-8D11-00A0C91BC942}") = "List_03_02", "List_03_02\List_03_02.vcxproj", "{547989D5-4567-4D48-9EAD-6693D366426F}"
EndProject
Project("{8BC9CEB8-8B4A-11D0-8D11-00A0C91BC942}") = "List_03_03", "List_03_03\List_03_03.vcxproj", "{CA4BC464-5213-44BA-9D13-7547196A92E2}"
EndProject
Project("{8BC9CEB8-8B4A-11D0-8D11-00A0C91BC942}") = "List_03_04", "List_03_04\List_03_04.vcxproj", "{23F82FF6-B62E-4FC7-9513-5090F2561391}"
EndProject
Project("{8BC9CEB8-8B4A-11D0-8D11-00A0C91BC942}") = "List_03_05", "List_03_05\List_03_05.vcxproj", "{EEE91146-FFA7-47B3-95DB-287108BAF866}"
EndProject
Project("{8BC9CEB8-8B4A-11D0-8D11-00A0C91BC942}") = "List_03_06", "List_03_06\List_03_06.vcxproj", "{B556FA7E-BDFF-4A55-B917-554D5C5D1443}"
EndProject
Project("{8BC9CEB8-8B4A-11D0-8D11-00A0C91BC942}") = "List_03_07", "List_03_07\List_03_07.vcxproj", "{E05FA1C2-DEBC-4508-93A8-685F1EB90C32}"
EndProject
Project("{8BC9CEB8-8B4A-11D0-8D11-00A0C91BC942}") = "List_03_08", "List_03_08\List_03_08.vcxproj", "{1E9F652C-C477-4BBD-AD9A-936332F12EAC}"
EndProject
Project("{8BC9CEB8-8B4A-11D0-8D11-00A0C91BC942}") = "List_03_09", "List_03_09\List_03_09.vcxproj", "{C1FDE4C4-BD7F-4E61-A43C-2AF1A58065A1}"
EndProject
Project("{8BC9CEB8-8B4A-11D0-8D11-00A0C91BC942}") = "List_03_10", "List_03_10\List_03_10.vcxproj", "{7FA6BC3D-6764-49FC-AE8F-CC458CA3555D}"
EndProject
Project("{8BC9CEB8-8B4A-11D0-8D11-00A0C91BC942}") = "List_03_11", "List_03_11\List_03_11.vcxproj", "{0193B805-D291-40FE-9D4D-6F87400ACDB9}"
EndProject
Project("{8BC9CEB8-8B4A-11D0-8D11-00A0C91BC942}") = "List_03_12", "List_03_12\List_03_12.vcxproj", "{54F71836-AB9E-4B2C-A932-B3A7DF40BA4E}"
EndProject
Project("{8BC9CEB8-8B4A-11D0-8D11-00A0C91BC942}") = "List_03_13", "List_03_13\List_03_13.vcxproj", "{2F48F208-55CA-4F6C-87D1-7F45C5A35A28}"
EndProject
Project("{8BC9CEB8-8B4A-11D0-8D11-00A0C91BC942}") = "List_03_14", "List_03_14\List_03_14.vcxproj", "{9C17CA44-4F81-4EAB-80F7-7DB1FAAF9CA9}"
EndProject
Project("{8BC9CEB8-8B4A-11D0-8D11-00A0C91BC942}") = "List_04_01", "List_04_01\List_04_01.vcxproj", "{8A79B98B-562E-453B-A86C-DC91D0D9F3C8}"
EndProject
Project("{8BC9CEB8-8B4A-11D0-8D11-00A0C91BC942}") = "List_04_02", "List_04_02\List_04_02.vcxproj", "{5CE21135-1AC0-4032-8AFE-80386FFDC886}"
EndProject
Project("{8BC9CEB8-8B4A-11D0-8D11-00A0C91BC942}") = "List_04_03", "List_04_03\List_04_03.vcxproj", "{72840644-BF8C-41EE-9FF2-215320F05A68}"
EndProject
Project("{8BC9CEB8-8B4A-11D0-8D11-00A0C91BC942}") = "List_04_04", "List_04_04\List_04_04.vcxproj", "{05708776-0BB2-4023-A29E-E644695EB3B2}"
EndProject
Project("{8BC9CEB8-8B4A-11D0-8D11-00A0C91BC942}") = "List_04_05", "List_04_05\List_04_05.vcxproj", "{B48BCF95-6EAD-45C8-B3F5-0E797ED4AECB}"
EndProject
Project("{8BC9CEB8-8B4A-11D0-8D11-00A0C91BC942}") = "List_04_06", "List_04_06\List_04_06.vcxproj", "{B549B438-56BF-4938-81FF-9A6556228A4F}"
EndProject
Project("{8BC9CEB8-8B4A-11D0-8D11-00A0C91BC942}") = "List_04_07", "List_04_07\List_04_07.vcxproj", "{419658A3-45D2-4EE9-AAFD-C45CB049B278}"
EndProject
Project("{8BC9CEB8-8B4A-11D0-8D11-00A0C91BC942}") = "List_04_08", "List_04_08\List_04_08.vcxproj", "{E5E3F346-02FE-47CC-AB33-95BB1052AADD}"
EndProject
Project("{8BC9CEB8-8B4A-11D0-8D11-00A0C91BC942}") = "List_04_09", "List_04_09\List_04_09.vcxproj", "{FC01F586-6065-45E5-9A33-FD39814A1A53}"
EndProject
Project("{8BC9CEB8-8B4A-11D0-8D11-00A0C91BC942}") = "List_04_10", "List_04_10\List_04_10.vcxproj", "{1F5C31EF-DF72-4980-A201-7BC4264F7A6C}"
EndProject
Project("{8BC9CEB8-8B4A-11D0-8D11-00A0C91BC942}") = "List_04_11", "List_04_11\List_04_11.vcxproj", "{FD719541-9556-4167-BA09-A6687B4ADBCE}"
EndProject
Project("{8BC9CEB8-8B4A-11D0-8D11-00A0C91BC942}") = "List_04_12", "List_04_12\List_04_12.vcxproj", "{62BB0EA4-F1D0-4D86-826A-978B6C5DF5E6}"
EndProject
Project("{8BC9CEB8-8B4A-11D0-8D11-00A0C91BC942}") = "List_04_13", "List_04_13\List_04_13.vcxproj", "{F2B1B5AF-36C1-4E31-9545-B6BAE232B9FC}"
EndProject
Project("{8BC9CEB8-8B4A-11D0-8D11-00A0C91BC942}") = "List_04_14", "List_04_14\List_04_14.vcxproj", "{099670F8-46EB-4956-A1FA-34341120CA72}"
EndProject
Project("{8BC9CEB8-8B4A-11D0-8D11-00A0C91BC942}") = "List_04_15", "List_04_15\List_04_15.vcxproj", "{4FD36C3D-5C42-4101-8F6B-62C6791FD6F6}"
EndProject
Project("{8BC9CEB8-8B4A-11D0-8D11-00A0C91BC942}") = "List_04_16", "List_04_16\List_04_16.vcxproj", "{F3578C2D-957F-4BEE-8B37-0CAC18F7692D}"
EndProject
Project("{8BC9CEB8-8B4A-11D0-8D11-00A0C91BC942}") = "List_04_17", "List_04_17\List_04_17.vcxproj", "{14BC4D33-6199-4A72-B890-1D2B4CBE7B83}"
EndProject
Project("{8BC9CEB8-8B4A-11D0-8D11-00A0C91BC942}") = "List_04_18", "List_04_18\List_04_18.vcxproj", "{7B835562-2F1A-497A-B3C8-D3BC69C0C776}"
EndProject
Project("{8BC9CEB8-8B4A-11D0-8D11-00A0C91BC942}") = "List_04_19", "List_04_19\List_04_19.vcxproj", "{259CE246-C29E-48A3-81A8-B043A0E33AD5}"
EndProject
Project("{8BC9CEB8-8B4A-11D0-8D11-00A0C91BC942}") = "List_04_20", "List_04_20\List_04_20.vcxproj", "{76321903-522C-4296-A705-0733F0E7BB48}"
EndProject
Project("{8BC9CEB8-8B4A-11D0-8D11-00A0C91BC942}") = "List_04_21", "List_04_21\List_04_21.vcxproj", "{DA9E6393-6BC8-408B-937B-30A5D943C925}"
EndProject
Project("{8BC9CEB8-8B4A-11D0-8D11-00A0C91BC942}") = "List_04_22", "List_04_22\List_04_22.vcxproj", "{9D8C3D1F-204A-44DE-A5E2-EBBDCB92DA6D}"
EndProject
Project("{8BC9CEB8-8B4A-11D0-8D11-00A0C91BC942}") = "List_04_23", "List_04_23\List_04_23.vcxproj", "{964AE5FB-A6F2-472F-81B8-03566CC0DCCB}"
EndProject
Project("{8BC9CEB8-8B4A-11D0-8D11-00A0C91BC942}") = "List_04_24", "List_04_24\List_04_24.vcxproj", "{7B320E28-B23F-48CF-9B54-BAFFFEA13D89}"
EndProject
Global
	GlobalSection(SolutionConfigurationPlatforms) = preSolution
		Debug|x64 = Debug|x64
		Debug|x86 = Debug|x86
		Release|x64 = Release|x64
		Release|x86 = Release|x86
	EndGlobalSection
	GlobalSection(ProjectConfigurationPlatforms) = postSolution
		{29E32524-26A9-4DA9-8BD4-8B9AB5BDCDFB}.Debug|x64.ActiveCfg = Debug|x64
		{29E32524-26A9-4DA9-8BD4-8B9AB5BDCDFB}.Debug|x64.Build.0 = Debug|x64
		{29E32524-26A9-4DA9-8BD4-8B9AB5BDCDFB}.Debug|x86.ActiveCfg = Debug|Win32
		{29E32524-26A9-4DA9-8BD4-8B9AB5BDCDFB}.Debug|x86.Build.0 = Debug|Win32
		{29E32524-26A9-4DA9-8BD4-8B9AB5BDCDFB}.Release|x64.ActiveCfg = Release|x64
		{29E32524-26A9-4DA9-8BD4-8B9AB5BDCDFB}.Release|x64.Build.0 = Release|x64
		{29E32524-26A9-4DA9-8BD4-8B9AB5BDCDFB}.Release|x86.ActiveCfg = Release|Win32
		{29E32524-26A9-4DA9-8BD4-8B9AB5BDCDFB}.Release|x86.Build.0 = Release|Win32
		{63F25571-52C0-42A5-B9D6-B7404401F57C}.Debug|x64.ActiveCfg = Debug|x64
		{63F25571-52C0-42A5-B9D6-B7404401F57C}.Debug|x64.Build.0 = Debug|x64
		{63F25571-52C0-42A5-B9D6-B7404401F57C}.Debug|x86.ActiveCfg = Debug|Win32
		{63F25571-52C0-42A5-B9D6-B7404401F57C}.Debug|x86.Build.0 = Debug|Win32
		{63F25571-52C0-42A5-B9D6-B7404401F57C}.Release|x64.ActiveCfg = Release|x64
		{63F25571-52C0-42A5-B9D6-B7404401F57C}.Release|x64.Build.0 = Release|x64
		{63F25571-52C0-42A5-B9D6-B7404401F57C}.Release|x86.ActiveCfg = Release|Win32
		{63F25571-52C0-42A5-B9D6-B7404401F57C}.Release|x86.Build.0 = Release|Win32
		{C304B6D9-4518-473B-A12E-B0A726E24BEB}.Debug|x64.ActiveCfg = Debug|x64
		{C304B6D9-4518-473B-A12E-B0A726E24BEB}.Debug|x64.Build.0 = Debug|x64
		{C304B6D9-4518-473B-A12E-B0A726E24BEB}.Debug|x86.ActiveCfg = Debug|Win32
		{C304B6D9-4518-473B-A12E-B0A726E24BEB}.Debug|x86.Build.0 = Debug|Win32
		{C304B6D9-4518-473B-A12E-B0A726E24BEB}.Release|x64.ActiveCfg = Release|x64
		{C304B6D9-4518-473B-A12E-B0A726E24BEB}.Release|x64.Build.0 = Release|x64
		{C304B6D9-4518-473B-A12E-B0A726E24BEB}.Release|x86.ActiveCfg = Release|Win32
		{C304B6D9-4518-473B-A12E-B0A726E24BEB}.Release|x86.Build.0 = Release|Win32
		{9CB81D92-B421-4FC7-AA10-C19C6D3CCF0E}.Debug|x64.ActiveCfg = Debug|x64
		{9CB81D92-B421-4FC7-AA10-C19C6D3CCF0E}.Debug|x64.Build.0 = Debug|x64
		{9CB81D92-B421-4FC7-AA10-C19C6D3CCF0E}.Debug|x86.ActiveCfg = Debug|Win32
		{9CB81D92-B421-4FC7-AA10-C19C6D3CCF0E}.Debug|x86.Build.0 = Debug|Win32
		{9CB81D92-B421-4FC7-AA10-C19C6D3CCF0E}.Release|x64.ActiveCfg = Release|x64
		{9CB81D92-B421-4FC7-AA10-C19C6D3CCF0E}.Release|x64.Build.0 = Release|x64
		{9CB81D92-B421-4FC7-AA10-C19C6D3CCF0E}.Release|x86.ActiveCfg = Release|Win32
		{9CB81D92-B421-4FC7-AA10-C19C6D3CCF0E}.Release|x86.Build.0 = Release|Win32
		{750F153A-4B31-48EE-92A3-B7BC297FA53D}.Debug|x64.ActiveCfg = Debug|x64
		{750F153A-4B31-48EE-92A3-B7BC297FA53D}.Debug|x64.Build.0 = Debug|x64
		{750F153A-4B31-48EE-92A3-B7BC297FA53D}.Debug|x86.ActiveCfg = Debug|Win32
		{750F153A-4B31-48EE-92A3-B7BC297FA53D}.Debug|x86.Build.0 = Debug|Win32
		{750F153A-4B31-48EE-92A3-B7BC297FA53D}.Release|x64.ActiveCfg = Release|x64
		{750F153A-4B31-48EE-92A3-B7BC297FA53D}.Release|x64.Build.0 = Release|x64
		{750F153A-4B31-48EE-92A3-B7BC297FA53D}.Release|x86.ActiveCfg = Release|Win32
		{750F153A-4B31-48EE-92A3-B7BC297FA53D}.Release|x86.Build.0 = Release|Win32
		{90E52983-C312-48CC-BCAC-9945E8511A86}.Debug|x64.ActiveCfg = Debug|x64
		{90E52983-C312-48CC-BCAC-9945E8511A86}.Debug|x64.Build.0 = Debug|x64
		{90E52983-C312-48CC-BCAC-9945E8511A86}.Debug|x86.ActiveCfg = Debug|Win32
		{90E52983-C312-48CC-BCAC-9945E8511A86}.Debug|x86.Build.0 = Debug|Win32
		{90E52983-C312-48CC-BCAC-9945E8511A86}.Release|x64.ActiveCfg = Release|x64
		{90E52983-C312-48CC-BCAC-9945E8511A86}.Release|x64.Build.0 = Release|x64
		{90E52983-C312-48CC-BCAC-9945E8511A86}.Release|x86.ActiveCfg = Release|Win32
		{90E52983-C312-48CC-BCAC-9945E8511A86}.Release|x86.Build.0 = Release|Win32
		{547989D5-4567-4D48-9EAD-6693D366426F}.Debug|x64.ActiveCfg = Debug|x64
		{547989D5-4567-4D48-9EAD-6693D366426F}.Debug|x64.Build.0 = Debug|x64
		{547989D5-4567-4D48-9EAD-6693D366426F}.Debug|x86.ActiveCfg = Debug|Win32
		{547989D5-4567-4D48-9EAD-6693D366426F}.Debug|x86.Build.0 = Debug|Win32
		{547989D5-4567-4D48-9EAD-6693D366426F}.Release|x64.ActiveCfg = Release|x64
		{547989D5-4567-4D48-9EAD-6693D366426F}.Release|x64.Build.0 = Release|x64
		{547989D5-4567-4D48-9EAD-6693D366426F}.Release|x86.ActiveCfg = Release|Win32
		{547989D5-4567-4D48-9EAD-6693D366426F}.Release|x86.Build.0 = Release|Win32
		{CA4BC464-5213-44BA-9D13-7547196A92E2}.Debug|x64.ActiveCfg = Debug|x64
		{CA4BC464-5213-44BA-9D13-7547196A92E2}.Debug|x64.Build.0 = Debug|x64
		{CA4BC464-5213-44BA-9D13-7547196A92E2}.Debug|x86.ActiveCfg = Debug|Win32
		{CA4BC464-5213-44BA-9D13-7547196A92E2}.Debug|x86.Build.0 = Debug|Win32
		{CA4BC464-5213-44BA-9D13-7547196A92E2}.Release|x64.ActiveCfg = Release|x64
		{CA4BC464-5213-44BA-9D13-7547196A92E2}.Release|x64.Build.0 = Release|x64
		{CA4BC464-5213-44BA-9D13-7547196A92E2}.Release|x86.ActiveCfg = Release|Win32
		{CA4BC464-5213-44BA-9D13-7547196A92E2}.Release|x86.Build.0 = Release|Win32
		{23F82FF6-B62E-4FC7-9513-5090F2561391}.Debug|x64.ActiveCfg = Debug|x64
		{23F82FF6-B62E-4FC7-9513-5090F2561391}.Debug|x64.Build.0 = Debug|x64
		{23F82FF6-B62E-4FC7-9513-5090F2561391}.Debug|x86.ActiveCfg = Debug|Win32
		{23F82FF6-B62E-4FC7-9513-5090F2561391}.Debug|x86.Build.0 = Debug|Win32
		{23F82FF6-B62E-4FC7-9513-5090F2561391}.Release|x64.ActiveCfg = Release|x64
		{23F82FF6-B62E-4FC7-9513-5090F2561391}.Release|x64.Build.0 = Release|x64
		{23F82FF6-B62E-4FC7-9513-5090F2561391}.Release|x86.ActiveCfg = Release|Win32
		{23F82FF6-B62E-4FC7-9513-5090F2561391}.Release|x86.Build.0 = Release|Win32
		{EEE91146-FFA7-47B3-95DB-287108BAF866}.Debug|x64.ActiveCfg = Debug|x64
		{EEE91146-FFA7-47B3-95DB-287108BAF866}.Debug|x64.Build.0 = Debug|x64
		{EEE91146-FFA7-47B3-95DB-287108BAF866}.Debug|x86.ActiveCfg = Debug|Win32
		{EEE91146-FFA7-47B3-95DB-287108BAF866}.Debug|x86.Build.0 = Debug|Win32
		{EEE91146-FFA7-47B3-95DB-287108BAF866}.Release|x64.ActiveCfg = Release|x64
		{EEE91146-FFA7-47B3-95DB-287108BAF866}.Release|x64.Build.0 = Release|x64
		{EEE91146-FFA7-47B3-95DB-287108BAF866}.Release|x86.ActiveCfg = Release|Win32
		{EEE91146-FFA7-47B3-95DB-287108BAF866}.Release|x86.Build.0 = Release|Win32
		{B556FA7E-BDFF-4A55-B917-554D5C5D1443}.Debug|x64.ActiveCfg = Debug|x64
		{B556FA7E-BDFF-4A55-B917-554D5C5D1443}.Debug|x64.Build.0 = Debug|x64
		{B556FA7E-BDFF-4A55-B917-554D5C5D1443}.Debug|x86.ActiveCfg = Debug|Win32
		{B556FA7E-BDFF-4A55-B917-554D5C5D1443}.Debug|x86.Build.0 = Debug|Win32
		{B556FA7E-BDFF-4A55-B917-554D5C5D1443}.Release|x64.ActiveCfg = Release|x64
		{B556FA7E-BDFF-4A55-B917-554D5C5D1443}.Release|x64.Build.0 = Release|x64
		{B556FA7E-BDFF-4A55-B917-554D5C5D1443}.Release|x86.ActiveCfg = Release|Win32
		{B556FA7E-BDFF-4A55-B917-554D5C5D1443}.Release|x86.Build.0 = Release|Win32
		{E05FA1C2-DEBC-4508-93A8-685F1EB90C32}.Debug|x64.ActiveCfg = Debug|x64
		{E05FA1C2-DEBC-4508-93A8-685F1EB90C32}.Debug|x64.Build.0 = Debug|x64
		{E05FA1C2-DEBC-4508-93A8-685F1EB90C32}.Debug|x86.ActiveCfg = Debug|Win32
		{E05FA1C2-DEBC-4508-93A8-685F1EB90C32}.Debug|x86.Build.0 = Debug|Win32
		{E05FA1C2-DEBC-4508-93A8-685F1EB90C32}.Release|x64.ActiveCfg = Release|x64
		{E05FA1C2-DEBC-4508-93A8-685F1EB90C32}.Release|x64.Build.0 = Release|x64
		{E05FA1C2-DEBC-4508-93A8-685F1EB90C32}.Release|x86.ActiveCfg = Release|Win32
		{E05FA1C2-DEBC-4508-93A8-685F1EB90C32}.Release|x86.Build.0 = Release|Win32
		{1E9F652C-C477-4BBD-AD9A-936332F12EAC}.Debug|x64.ActiveCfg = Debug|x64
		{1E9F652C-C477-4BBD-AD9A-936332F12EAC}.Debug|x64.Build.0 = Debug|x64
		{1E9F652C-C477-4BBD-AD9A-936332F12EAC}.Debug|x86.ActiveCfg = Debug|Win32
		{1E9F652C-C477-4BBD-AD9A-936332F12EAC}.Debug|x86.Build.0 = Debug|Win32
		{1E9F652C-C477-4BBD-AD9A-936332F12EAC}.Release|x64.ActiveCfg = Release|x64
		{1E9F652C-C477-4BBD-AD9A-936332F12EAC}.Release|x64.Build.0 = Release|x64
		{1E9F652C-C477-4BBD-AD9A-936332F12EAC}.Release|x86.ActiveCfg = Release|Win32
		{1E9F652C-C477-4BBD-AD9A-936332F12EAC}.Release|x86.Build.0 = Release|Win32
		{C1FDE4C4-BD7F-4E61-A43C-2AF1A58065A1}.Debug|x64.ActiveCfg = Debug|x64
		{C1FDE4C4-BD7F-4E61-A43C-2AF1A58065A1}.Debug|x64.Build.0 = Debug|x64
		{C1FDE4C4-BD7F-4E61-A43C-2AF1A58065A1}.Debug|x86.ActiveCfg = Debug|Win32
		{C1FDE4C4-BD7F-4E61-A43C-2AF1A58065A1}.Debug|x86.Build.0 = Debug|Win32
		{C1FDE4C4-BD7F-4E61-A43C-2AF1A58065A1}.Release|x64.ActiveCfg = Release|x64
		{C1FDE4C4-BD7F-4E61-A43C-2AF1A58065A1}.Release|x64.Build.0 = Release|x64
		{C1FDE4C4-BD7F-4E61-A43C-2AF1A58065A1}.Release|x86.ActiveCfg = Release|Win32
		{C1FDE4C4-BD7F-4E61-A43C-2AF1A58065A1}.Release|x86.Build.0 = Release|Win32
		{7FA6BC3D-6764-49FC-AE8F-CC458CA3555D}.Debug|x64.ActiveCfg = Debug|x64
		{7FA6BC3D-6764-49FC-AE8F-CC458CA3555D}.Debug|x64.Build.0 = Debug|x64
		{7FA6BC3D-6764-49FC-AE8F-CC458CA3555D}.Debug|x86.ActiveCfg = Debug|Win32
		{7FA6BC3D-6764-49FC-AE8F-CC458CA3555D}.Debug|x86.Build.0 = Debug|Win32
		{7FA6BC3D-6764-49FC-AE8F-CC458CA3555D}.Release|x64.ActiveCfg = Release|x64
		{7FA6BC3D-6764-49FC-AE8F-CC458CA3555D}.Release|x64.Build.0 = Release|x64
		{7FA6BC3D-6764-49FC-AE8F-CC458CA3555D}.Release|x86.ActiveCfg = Release|Win32
		{7FA6BC3D-6764-49FC-AE8F-CC458CA3555D}.Release|x86.Build.0 = Release|Win32
		{0193B805-D291-40FE-9D4D-6F87400ACDB9}.Debug|x64.ActiveCfg = Debug|x64
		{0193B805-D291-40FE-9D4D-6F87400ACDB9}.Debug|x64.Build.0 = Debug|x64
		{0193B805-D291-40FE-9D4D-6F87400ACDB9}.Debug|x86.ActiveCfg = Debug|Win32
		{0193B805-D291-40FE-9D4D-6F87400ACDB9}.Debug|x86.Build.0 = Debug|Win32
		{0193B805-D291-40FE-9D4D-6F87400ACDB9}.Release|x64.ActiveCfg = Release|x64
		{0193B805-D291-40FE-9D4D-6F87400ACDB9}.Release|x64.Build.0 = Release|x64
		{0193B805-D291-40FE-9D4D-6F87400ACDB9}.Release|x86.ActiveCfg = Release|Win32
		{0193B805-D291-40FE-9D4D-6F87400ACDB9}.Release|x86.Build.0 = Release|Win32
		{54F71836-AB9E-4B2C-A932-B3A7DF40BA4E}.Debug|x64.ActiveCfg = Debug|x64
		{54F71836-AB9E-4B2C-A932-B3A7DF40BA4E}.Debug|x64.Build.0 = Debug|x64
		{54F71836-AB9E-4B2C-A932-B3A7DF40BA4E}.Debug|x86.ActiveCfg = Debug|Win32
		{54F71836-AB9E-4B2C-A932-B3A7DF40BA4E}.Debug|x86.Build.0 = Debug|Win32
		{54F71836-AB9E-4B2C-A932-B3A7DF40BA4E}.Release|x64.ActiveCfg = Release|x64
		{54F71836-AB9E-4B2C-A932-B3A7DF40BA4E}.Release|x64.Build.0 = Release|x64
		{54F71836-AB9E-4B2C-A932-B3A7DF40BA4E}.Release|x86.ActiveCfg = Release|Win32
		{54F71836-AB9E-4B2C-A932-B3A7DF40BA4E}.Release|x86.Build.0 = Release|Win32
		{2F48F208-55CA-4F6C-87D1-7F45C5A35A28}.Debug|x64.ActiveCfg = Debug|x64
		{2F48F208-55CA-4F6C-87D1-7F45C5A35A28}.Debug|x64.Build.0 = Debug|x64
		{2F48F208-55CA-4F6C-87D1-7F45C5A35A28}.Debug|x86.ActiveCfg = Debug|Win32
		{2F48F208-55CA-4F6C-87D1-7F45C5A35A28}.Debug|x86.Build.0 = Debug|Win32
		{2F48F208-55CA-4F6C-87D1-7F45C5A35A28}.Release|x64.ActiveCfg = Release|x64
		{2F48F208-55CA-4F6C-87D1-7F45C5A35A28}.Release|x64.Build.0 = Release|x64
		{2F48F208-55CA-4F6C-87D1-7F45C5A35A28}.Release|x86.ActiveCfg = Release|Win32
		{2F48F208-55CA-4F6C-87D1-7F45C5A35A28}.Release|x86.Build.0 = Release|Win32
		{9C17CA44-4F81-4EAB-80F7-7DB1FAAF9CA9}.Debug|x64.ActiveCfg = Debug|x64
		{9C17CA44-4F81-4EAB-80F7-7DB1FAAF9CA9}.Debug|x64.Build.0 = Debug|x64
		{9C17CA44-4F81-4EAB-80F7-7DB1FAAF9CA9}.Debug|x86.ActiveCfg = Debug|Win32
		{9C17CA44-4F81-4EAB-80F7-7DB1FAAF9CA9}.Debug|x86.Build.0 = Debug|Win32
		{9C17CA44-4F81-4EAB-80F7-7DB1FAAF9CA9}.Release|x64.ActiveCfg = Release|x64
		{9C17CA44-4F81-4EAB-80F7-7DB1FAAF9CA9}.Release|x64.Build.0 = Release|x64
		{9C17CA44-4F81-4EAB-80F7-7DB1FAAF9CA9}.Release|x86.ActiveCfg = Release|Win32
		{9C17CA44-4F81-4EAB-80F7-7DB1FAAF9CA9}.Release|x86.Build.0 = Release|Win32
		{8A79B98B-562E-453B-A86C-DC91D0D9F3C8}.Debug|x64.ActiveCfg = Debug|x64
		{8A79B98B-562E-453B-A86C-DC91D0D9F3C8}.Debug|x64.Build.0 = Debug|x64
		{8A79B98B-562E-453B-A86C-DC91D0D9F3C8}.Debug|x86.ActiveCfg = Debug|Win32
		{8A79B98B-562E-453B-A86C-DC91D0D9F3C8}.Debug|x86.Build.0 = Debug|Win32
		{8A79B98B-562E-453B-A86C-DC91D0D9F3C8}.Release|x64.ActiveCfg = Release|x64
		{8A79B98B-562E-453B-A86C-DC91D0D9F3C8}.Release|x64.Build.0 = Release|x64
		{8A79B98B-562E-453B-A86C-DC91D0D9F3C8}.Release|x86.ActiveCfg = Release|Win32
		{8A79B98B-562E-453B-A86C-DC91D0D9F3C8}.Release|x86.Build.0 = Release|Win32
		{5CE21135-1AC0-4032-8AFE-80386FFDC886}.Debug|x64.ActiveCfg = Debug|x64
		{5CE21135-1AC0-4032-8AFE-80386FFDC886}.Debug|x64.Build.0 = Debug|x64
		{5CE21135-1AC0-4032-8AFE-80386FFDC886}.Debug|x86.ActiveCfg = Debug|Win32
		{5CE21135-1AC0-4032-8AFE-80386FFDC886}.Debug|x86.Build.0 = Debug|Win32
		{5CE21135-1AC0-4032-8AFE-80386FFDC886}.Release|x64.ActiveCfg = Release|x64
		{5CE21135-1AC0-4032-8AFE-80386FFDC886}.Release|x64.Build.0 = Release|x64
		{5CE21135-1AC0-4032-8AFE-80386FFDC886}.Release|x86.ActiveCfg = Release|Win32
		{5CE21135-1AC0-4032-8AFE-80386FFDC886}.Release|x86.Build.0 = Release|Win32
		{72840644-BF8C-41EE-9FF2-215320F05A68}.Debug|x64.ActiveCfg = Debug|x64
		{72840644-BF8C-41EE-9FF2-215320F05A68}.Debug|x64.Build.0 = Debug|x64
		{72840644-BF8C-41EE-9FF2-215320F05A68}.Debug|x86.ActiveCfg = Debug|Win32
		{72840644-BF8C-41EE-9FF2-215320F05A68}.Debug|x86.Build.0 = Debug|Win32
		{72840644-BF8C-41EE-9FF2-215320F05A68}.Release|x64.ActiveCfg = Release|x64
		{72840644-BF8C-41EE-9FF2-215320F05A68}.Release|x64.Build.0 = Release|x64
		{72840644-BF8C-41EE-9FF2-215320F05A68}.Release|x86.ActiveCfg = Release|Win32
		{72840644-BF8C-41EE-9FF2-215320F05A68}.Release|x86.Build.0 = Release|Win32
		{05708776-0BB2-4023-A29E-E644695EB3B2}.Debug|x64.ActiveCfg = Debug|x64
		{05708776-0BB2-4023-A29E-E644695EB3B2}.Debug|x64.Build.0 = Debug|x64
		{05708776-0BB2-4023-A29E-E644695EB3B2}.Debug|x86.ActiveCfg = Debug|Win32
		{05708776-0BB2-4023-A29E-E644695EB3B2}.Debug|x86.Build.0 = Debug|Win32
		{05708776-0BB2-4023-A29E-E644695EB3B2}.Release|x64.ActiveCfg = Release|x64
		{05708776-0BB2-4023-A29E-E644695EB3B2}.Release|x64.Build.0 = Release|x64
		{05708776-0BB2-4023-A29E-E644695EB3B2}.Release|x86.ActiveCfg = Release|Win32
		{05708776-0BB2-4023-A29E-E644695EB3B2}.Release|x86.Build.0 = Release|Win32
		{B48BCF95-6EAD-45C8-B3F5-0E797ED4AECB}.Debug|x64.ActiveCfg = Debug|x64
		{B48BCF95-6EAD-45C8-B3F5-0E797ED4AECB}.Debug|x64.Build.0 = Debug|x64
		{B48BCF95-6EAD-45C8-B3F5-0E797ED4AECB}.Debug|x86.ActiveCfg = Debug|Win32
		{B48BCF95-6EAD-45C8-B3F5-0E797ED4AECB}.Debug|x86.Build.0 = Debug|Win32
		{B48BCF95-6EAD-45C8-B3F5-0E797ED4AECB}.Release|x64.ActiveCfg = Release|x64
		{B48BCF95-6EAD-45C8-B3F5-0E797ED4AECB}.Release|x64.Build.0 = Release|x64
		{B48BCF95-6EAD-45C8-B3F5-0E797ED4AECB}.Release|x86.ActiveCfg = Release|Win32
		{B48BCF95-6EAD-45C8-B3F5-0E797ED4AECB}.Release|x86.Build.0 = Release|Win32
		{B549B438-56BF-4938-81FF-9A6556228A4F}.Debug|x64.ActiveCfg = Debug|x64
		{B549B438-56BF-4938-81FF-9A6556228A4F}.Debug|x64.Build.0 = Debug|x64
		{B549B438-56BF-4938-81FF-9A6556228A4F}.Debug|x86.ActiveCfg = Debug|Win32
		{B549B438-56BF-4938-81FF-9A6556228A4F}.Debug|x86.Build.0 = Debug|Win32
		{B549B438-56BF-4938-81FF-9A6556228A4F}.Release|x64.ActiveCfg = Release|x64
		{B549B438-56BF-4938-81FF-9A6556228A4F}.Release|x64.Build.0 = Release|x64
		{B549B438-56BF-4938-81FF-9A6556228A4F}.Release|x86.ActiveCfg = Release|Win32
		{B549B438-56BF-4938-81FF-9A6556228A4F}.Release|x86.Build.0 = Release|Win32
		{419658A3-45D2-4EE9-AAFD-C45CB049B278}.Debug|x64.ActiveCfg = Debug|x64
		{419658A3-45D2-4EE9-AAFD-C45CB049B278}.Debug|x64.Build.0 = Debug|x64
		{419658A3-45D2-4EE9-AAFD-C45CB049B278}.Debug|x86.ActiveCfg = Debug|Win32
		{419658A3-45D2-4EE9-AAFD-C45CB049B278}.Debug|x86.Build.0 = Debug|Win32
		{419658A3-45D2-4EE9-AAFD-C45CB049B278}.Release|x64.ActiveCfg = Release|x64
		{419658A3-45D2-4EE9-AAFD-C45CB049B278}.Release|x64.Build.0 = Release|x64
		{419658A3-45D2-4EE9-AAFD-C45CB049B278}.Release|x86.ActiveCfg = Release|Win32
		{419658A3-45D2-4EE9-AAFD-C45CB049B278}.Release|x86.Build.0 = Release|Win32
		{E5E3F346-02FE-47CC-AB33-95BB1052AADD}.Debug|x64.ActiveCfg = Debug|x64
		{E5E3F346-02FE-47CC-AB33-95BB1052AADD}.Debug|x64.Build.0 = Debug|x64
		{E5E3F346-02FE-47CC-AB33-95BB1052AADD}.Debug|x86.ActiveCfg = Debug|Win32
		{E5E3F346-02FE-47CC-AB33-95BB1052AADD}.Debug|x86.Build.0 = Debug|Win32
		{E5E3F346-02FE-47CC-AB33-95BB1052AADD}.Release|x64.ActiveCfg = Release|x64
		{E5E3F346-02FE-47CC-AB33-95BB1052AADD}.Release|x64.Build.0 = Release|x64
		{E5E3F346-02FE-47CC-AB33-95BB1052AADD}.Release|x86.ActiveCfg = Release|Win32
		{E5E3F346-02FE-47CC-AB33-95BB1052AADD}.Release|x86.Build.0 = Release|Win32
		{FC01F586-6065-45E5-9A33-FD39814A1A53}.Debug|x64.ActiveCfg = Debug|x64
		{FC01F586-6065-45E5-9A33-FD39814A1A53}.Debug|x64.Build.0 = Debug|x64
		{FC01F586-6065-45E5-9A33-FD39814A1A53}.Debug|x86.ActiveCfg = Debug|Win32
		{FC01F586-6065-45E5-9A33-FD39814A1A53}.Debug|x86.Build.0 = Debug|Win32
		{FC01F586-6065-45E5-9A33-FD39814A1A53}.Release|x64.ActiveCfg = Release|x64
		{FC01F586-6065-45E5-9A33-FD39814A1A53}.Release|x64.Build.0 = Release|x64
		{FC01F586-6065-45E5-9A33-FD39814A1A53}.Release|x86.ActiveCfg = Release|Win32
		{FC01F586-6065-45E5-9A33-FD39814A1A53}.Release|x86.Build.0 = Release|Win32
		{1F5C31EF-DF72-4980-A201-7BC4264F7A6C}.Debug|x64.ActiveCfg = Debug|x64
		{1F5C31EF-DF72-4980-A201-7BC4264F7A6C}.Debug|x64.Build.0 = Debug|x64
		{1F5C31EF-DF72-4980-A201-7BC4264F7A6C}.Debug|x86.ActiveCfg = Debug|Win32
		{1F5C31EF-DF72-4980-A201-7BC4264F7A6C}.Debug|x86.Build.0 = Debug|Win32
		{1F5C31EF-DF72-4980-A201-7BC4264F7A6C}.Release|x64.ActiveCfg = Release|x64
		{1F5C31EF-DF72-4980-A201-7BC4264F7A6C}.Release|x64.Build.0 = Release|x64
		{1F5C31EF-DF72-4980-A201-7BC4264F7A6C}.Release|x86.ActiveCfg = Release|Win32
		{1F5C31EF-DF72-4980-A201-7BC4264F7A6C}.Release|x86.Build.0 = Release|Win32
		{FD719541-9556-4167-BA09-A6687B4ADBCE}.Debug|x64.ActiveCfg = Debug|x64
		{FD719541-9556-4167-BA09-A6687B4ADBCE}.Debug|x64.Build.0 = Debug|x64
		{FD719541-9556-4167-BA09-A6687B4ADBCE}.Debug|x86.ActiveCfg = Debug|Win32
		{FD719541-9556-4167-BA09-A6687B4ADBCE}.Debug|x86.Build.0 = Debug|Win32
		{FD719541-9556-4167-BA09-A6687B4ADBCE}.Release|x64.ActiveCfg = Release|x64
		{FD719541-9556-4167-BA09-A6687B4ADBCE}.Release|x64.Build.0 = Release|x64
		{FD719541-9556-4167-BA09-A6687B4ADBCE}.Release|x86.ActiveCfg = Release|Win32
		{FD719541-9556-4167-BA09-A6687B4ADBCE}.Release|x86.Build.0 = Release|Win32
		{62BB0EA4-F1D0-4D86-826A-978B6C5DF5E6}.Debug|x64.ActiveCfg = Debug|x64
		{62BB0EA4-F1D0-4D86-826A-978B6C5DF5E6}.Debug|x64.Build.0 = Debug|x64
		{62BB0EA4-F1D0-4D86-826A-978B6C5DF5E6}.Debug|x86.ActiveCfg = Debug|Win32
		{62BB0EA4-F1D0-4D86-826A-978B6C5DF5E6}.Debug|x86.Build.0 = Debug|Win32
		{62BB0EA4-F1D0-4D86-826A-978B6C5DF5E6}.Release|x64.ActiveCfg = Release|x64
		{62BB0EA4-F1D0-4D86-826A-978B6C5DF5E6}.Release|x64.Build.0 = Release|x64
		{62BB0EA4-F1D0-4D86-826A-978B6C5DF5E6}.Release|x86.ActiveCfg = Release|Win32
		{62BB0EA4-F1D0-4D86-826A-978B6C5DF5E6}.Release|x86.Build.0 = Release|Win32
		{F2B1B5AF-36C1-4E31-9545-B6BAE232B9FC}.Debug|x64.ActiveCfg = Debug|x64
		{F2B1B5AF-36C1-4E31-9545-B6BAE232B9FC}.Debug|x64.Build.0 = Debug|x64
		{F2B1B5AF-36C1-4E31-9545-B6BAE232B9FC}.Debug|x86.ActiveCfg = Debug|Win32
		{F2B1B5AF-36C1-4E31-9545-B6BAE232B9FC}.Debug|x86.Build.0 = Debug|Win32
		{F2B1B5AF-36C1-4E31-9545-B6BAE232B9FC}.Release|x64.ActiveCfg = Release|x64
		{F2B1B5AF-36C1-4E31-9545-B6BAE232B9FC}.Release|x64.Build.0 = Release|x64
		{F2B1B5AF-36C1-4E31-9545-B6BAE232B9FC}.Release|x86.ActiveCfg = Release|Win32
		{F2B1B5AF-36C1-4E31-9545-B6BAE232B9FC}.Release|x86.Build.0 = Release|Win32
		{099670F8-46EB-4956-A1FA-34341120CA72}.Debug|x64.ActiveCfg = Debug|x64
		{099670F8-46EB-4956-A1FA-34341120CA72}.Debug|x64.Build.0 = Debug|x64
		{099670F8-46EB-4956-A1FA-34341120CA72}.Debug|x86.ActiveCfg = Debug|Win32
		{099670F8-46EB-4956-A1FA-34341120CA72}.Debug|x86.Build.0 = Debug|Win32
		{099670F8-46EB-4956-A1FA-34341120CA72}.Release|x64.ActiveCfg = Release|x64
		{099670F8-46EB-4956-A1FA-34341120CA72}.Release|x64.Build.0 = Release|x64
		{099670F8-46EB-4956-A1FA-34341120CA72}.Release|x86.ActiveCfg = Release|Win32
		{099670F8-46EB-4956-A1FA-34341120CA72}.Release|x86.Build.0 = Release|Win32
		{4FD36C3D-5C42-4101-8F6B-62C6791FD6F6}.Debug|x64.ActiveCfg = Debug|x64
		{4FD36C3D-5C42-4101-8F6B-62C6791FD6F6}.Debug|x64.Build.0 = Debug|x64
		{4FD36C3D-5C42-4101-8F6B-62C6791FD6F6}.Debug|x86.ActiveCfg = Debug|Win32
		{4FD36C3D-5C42-4101-8F6B-62C6791FD6F6}.Debug|x86.Build.0 = Debug|Win32
		{4FD36C3D-5C42-4101-8F6B-62C6791FD6F6}.Release|x64.ActiveCfg = Release|x64
		{4FD36C3D-5C42-4101-8F6B-62C6791FD6F6}.Release|x64.Build.0 = Release|x64
		{4FD36C3D-5C42-4101-8F6B-62C6791FD6F6}.Release|x86.ActiveCfg = Release|Win32
		{4FD36C3D-5C42-4101-8F6B-62C6791FD6F6}.Release|x86.Build.0 = Release|Win32
		{F3578C2D-957F-4BEE-8B37-0CAC18F7692D}.Debug|x64.ActiveCfg = Debug|x64
		{F3578C2D-957F-4BEE-8B37-0CAC18F7692D}.Debug|x64.Build.0 = Debug|x64
		{F3578C2D-957F-4BEE-8B37-0CAC18F7692D}.Debug|x86.ActiveCfg = Debug|Win32
		{F3578C2D-957F-4BEE-8B37-0CAC18F7692D}.Debug|x86.Build.0 = Debug|Win32
		{F3578C2D-957F-4BEE-8B37-0CAC18F7692D}.Release|x64.ActiveCfg = Release|x64
		{F3578C2D-957F-4BEE-8B37-0CAC18F7692D}.Release|x64.Build.0 = Release|x64
		{F3578C2D-957F-4BEE-8B37-0CAC18F7692D}.Release|x86.ActiveCfg = Release|Win32
		{F3578C2D-957F-4BEE-8B37-0CAC18F7692D}.Release|x86.Build.0 = Release|Win32
		{14BC4D33-6199-4A72-B890-1D2B4CBE7B83}.Debug|x64.ActiveCfg = Debug|x64
		{14BC4D33-6199-4A72-B890-1D2B4CBE7B83}.Debug|x64.Build.0 = Debug|x64
		{14BC4D33-6199-4A72-B890-1D2B4CBE7B83}.Debug|x86.ActiveCfg = Debug|Win32
		{14BC4D33-6199-4A72-B890-1D2B4CBE7B83}.Debug|x86.Build.0 = Debug|Win32
		{14BC4D33-6199-4A72-B890-1D2B4CBE7B83}.Release|x64.ActiveCfg = Release|x64
		{14BC4D33-6199-4A72-B890-1D2B4CBE7B83}.Release|x64.Build.0 = Release|x64
		{14BC4D33-6199-4A72-B890-1D2B4CBE7B83}.Release|x86.ActiveCfg = Release|Win32
		{14BC4D33-6199-4A72-B890-1D2B4CBE7B83}.Release|x86.Build.0 = Release|Win32
		{7B835562-2F1A-497A-B3C8-D3BC69C0C776}.Debug|x64.ActiveCfg = Debug|x64
		{7B835562-2F1A-497A-B3C8-D3BC69C0C776}.Debug|x64.Build.0 = Debug|x64
		{7B835562-2F1A-497A-B3C8-D3BC69C0C776}.Debug|x86.ActiveCfg = Debug|Win32
		{7B835562-2F1A-497A-B3C8-D3BC69C0C776}.Debug|x86.Build.0 = Debug|Win32
		{7B835562-2F1A-497A-B3C8-D3BC69C0C776}.Release|x64.ActiveCfg = Release|x64
		{7B835562-2F1A-497A-B3C8-D3BC69C0C776}.Release|x64.Build.0 = Release|x64
		{7B835562-2F1A-497A-B3C8-D3BC69C0C776}.Release|x86.ActiveCfg = Release|Win32
		{7B835562-2F1A-497A-B3C8-D3BC69C0C776}.Release|x86.Build.0 = Release|Win32
		{259CE246-C29E-48A3-81A8-B043A0E33AD5}.Debug|x64.ActiveCfg = Debug|x64
		{259CE246-C29E-48A3-81A8-B043A0E33AD5}.Debug|x64.Build.0 = Debug|x64
		{259CE246-C29E-48A3-81A8-B043A0E33AD5}.Debug|x86.ActiveCfg = Debug|Win32
		{259CE246-C29E-48A3-81A8-B043A0E33AD5}.Debug|x86.Build.0 = Debug|Win32
		{259CE246-C29E-48A3-81A8-B043A0E33AD5}.Release|x64.ActiveCfg = Release|x64
		{259CE246-C29E-48A3-81A8-B043A0E33AD5}.Release|x64.Build.0 = Release|x64
		{259CE246-C29E-48A3-81A8-B043A0E33AD5}.Release|x86.ActiveCfg = Release|Win32
		{259CE246-C29E-48A3-81A8-B043A0E33AD5}.Release|x86.Build.0 = Release|Win32
		{76321903-522C-4296-A705-0733F0E7BB48}.Debug|x64.ActiveCfg = Debug|x64
		{76321903-522C-4296-A705-0733F0E7BB48}.Debug|x64.Build.0 = Debug|x64
		{76321903-522C-4296-A705-0733F0E7BB48}.Debug|x86.ActiveCfg = Debug|Win32
		{76321903-522C-4296-A705-0733F0E7BB48}.Debug|x86.Build.0 = Debug|Win32
		{76321903-522C-4296-A705-0733F0E7BB48}.Release|x64.ActiveCfg = Release|x64
		{76321903-522C-4296-A705-0733F0E7BB48}.Release|x64.Build.0 = Release|x64
		{76321903-522C-4296-A705-0733F0E7BB48}.Release|x86.ActiveCfg = Release|Win32
		{76321903-522C-4296-A705-0733F0E7BB48}.Release|x86.Build.0 = Release|Win32
		{DA9E6393-6BC8-408B-937B-30A5D943C925}.Debug|x64.ActiveCfg = Debug|x64
		{DA9E6393-6BC8-408B-937B-30A5D943C925}.Debug|x64.Build.0 = Debug|x64
		{DA9E6393-6BC8-408B-937B-30A5D943C925}.Debug|x86.ActiveCfg = Debug|Win32
		{DA9E6393-6BC8-408B-937B-30A5D943C925}.Debug|x86.Build.0 = Debug|Win32
		{DA9E6393-6BC8-408B-937B-30A5D943C925}.Release|x64.ActiveCfg = Release|x64
		{DA9E6393-6BC8-408B-937B-30A5D943C925}.Release|x64.Build.0 = Release|x64
		{DA9E6393-6BC8-408B-937B-30A5D943C925}.Release|x86.ActiveCfg = Release|Win32
		{DA9E6393-6BC8-408B-937B-30A5D943C925}.Release|x86.Build.0 = Release|Win32
		{9D8C3D1F-204A-44DE-A5E2-EBBDCB92DA6D}.Debug|x64.ActiveCfg = Debug|x64
		{9D8C3D1F-204A-44DE-A5E2-EBBDCB92DA6D}.Debug|x64.Build.0 = Debug|x64
		{9D8C3D1F-204A-44DE-A5E2-EBBDCB92DA6D}.Debug|x86.ActiveCfg = Debug|Win32
		{9D8C3D1F-204A-44DE-A5E2-EBBDCB92DA6D}.Debug|x86.Build.0 = Debug|Win32
		{9D8C3D1F-204A-44DE-A5E2-EBBDCB92DA6D}.Release|x64.ActiveCfg = Release|x64
		{9D8C3D1F-204A-44DE-A5E2-EBBDCB92DA6D}.Release|x64.Build.0 = Release|x64
		{9D8C3D1F-204A-44DE-A5E2-EBBDCB92DA6D}.Release|x86.ActiveCfg = Release|Win32
		{9D8C3D1F-204A-44DE-A5E2-EBBDCB92DA6D}.Release|x86.Build.0 = Release|Win32
		{964AE5FB-A6F2-472F-81B8-03566CC0DCCB}.Debug|x64.ActiveCfg = Debug|x64
		{964AE5FB-A6F2-472F-81B8-03566CC0DCCB}.Debug|x64.Build.0 = Debug|x64
		{964AE5FB-A6F2-472F-81B8-03566CC0DCCB}.Debug|x86.ActiveCfg = Debug|Win32
		{964AE5FB-A6F2-472F-81B8-03566CC0DCCB}.Debug|x86.Build.0 = Debug|Win32
		{964AE5FB-A6F2-472F-81B8-03566CC0DCCB}.Release|x64.ActiveCfg = Release|x64
		{964AE5FB-A6F2-472F-81B8-03566CC0DCCB}.Release|x64.Build.0 = Release|x64
		{964AE5FB-A6F2-472F-81B8-03566CC0DCCB}.Release|x86.ActiveCfg = Release|Win32
		{964AE5FB-A6F2-472F-81B8-03566CC0DCCB}.Release|x86.Build.0 = Release|Win32
		{7B320E28-B23F-48CF-9B54-BAFFFEA13D89}.Debug|x64.ActiveCfg = Debug|x64
		{7B320E28-B23F-48CF-9B54-BAFFFEA13D89}.Debug|x64.Build.0 = Debug|x64
		{7B320E28-B23F-48CF-9B54-BAFFFEA13D89}.Debug|x86.ActiveCfg = Debug|Win32
		{7B320E28-B23F-48CF-9B54-BAFFFEA13D89}.Debug|x86.Build.0 = Debug|Win32
		{7B320E28-B23F-48CF-9B54-BAFFFEA13D89}.Release|x64.ActiveCfg = Release|x64
		{7B320E28-B23F-48CF-9B54-BAFFFEA13D89}.Release|x64.Build.0 = Release|x64
		{7B320E28-B23F-48CF-9B54-BAFFFEA13D89}.Release|x86.ActiveCfg = Release|Win32
		{7B320E28-B23F-48CF-9B54-BAFFFEA13D89}.Release|x86.Build.0 = Release|Win32
	EndGlobalSection
	GlobalSection(SolutionProperties) = preSolution
		HideSolutionNode = FALSE
	EndGlobalSection
	GlobalSection(ExtensibilityGlobals) = postSolution
		SolutionGuid = {4FC8A88E-4F17-4B67-8A0C-074BE33921B1}
	EndGlobalSection
EndGlobal
